
Microsoft Visual Studio Solution File, Format Version 12.00
# Visual Studio Version 18
VisualStudioVersion = 18.5.11801.241 oobstable
MinimumVisualStudioVersion = 10.0.40219.1
Project("{FAE04EC0-301F-11D3-BF4B-00C04F79EFBC}") = "ControleMercadoria", "ControleMercadoria.csproj", "{51B787FB-4C7C-AB3C-2CA1-AC917DECD761}"
EndProject
Global
	GlobalSection(SolutionConfigurationPlatforms) = preSolution
		Debug|Any CPU = Debug|Any CPU
		Release|Any CPU = Release|Any CPU
	EndGlobalSection
	GlobalSection(ProjectConfigurationPlatforms) = postSolution
		{51B787FB-4C7C-AB3C-2CA1-AC917DECD761}.Debug|Any CPU.ActiveCfg = Debug|Any CPU
		{51B787FB-4C7C-AB3C-2CA1-AC917DECD761}.Debug|Any CPU.Build.0 = Debug|Any CPU
		{51B787FB-4C7C-AB3C-2CA1-AC917DECD761}.Release|Any CPU.ActiveCfg = Release|Any CPU
		{51B787FB-4C7C-AB3C-2CA1-AC917DECD761}.Release|Any CPU.Build.0 = Release|Any CPU
	EndGlobalSection
	GlobalSection(SolutionProperties) = preSolution
		HideSolutionNode = FALSE
	EndGlobalSection
	GlobalSection(ExtensibilityGlobals) = postSolution
		SolutionGuid = {181C0082-DA85-44B3-BB8C-E659CEFE5B72}
	EndGlobalSection
EndGlobal
